
Microsoft Visual Studio Solution File, Format Version 12.00
# Visual Studio 15
VisualStudioVersion = 15.0.28307.1267
MinimumVisualStudioVersion = 10.0.40219.1
Project("{FAE04EC0-301F-11D3-BF4B-00C04F79EFBC}") = "NeYemekYapsamweb", "NeYemekYapsamweb\NeYemekYapsamweb.csproj", "{6207AE9F-FE2A-44DC-98A7-5A4DD7933706}"
EndProject
Global
	GlobalSection(SolutionConfigurationPlatforms) = preSolution
		Debug|Any CPU = Debug|Any CPU
		Release|Any CPU = Release|Any CPU
	EndGlobalSection
	GlobalSection(ProjectConfigurationPlatforms) = postSolution
		{6207AE9F-FE2A-44DC-98A7-5A4DD7933706}.Debug|Any CPU.ActiveCfg = Debug|Any CPU
		{6207AE9F-FE2A-44DC-98A7-5A4DD7933706}.Debug|Any CPU.Build.0 = Debug|Any CPU
		{6207AE9F-FE2A-44DC-98A7-5A4DD7933706}.Release|Any CPU.ActiveCfg = Release|Any CPU
		{6207AE9F-FE2A-44DC-98A7-5A4DD7933706}.Release|Any CPU.Build.0 = Release|Any CPU
	EndGlobalSection
	GlobalSection(SolutionProperties) = preSolution
		HideSolutionNode = FALSE
	EndGlobalSection
	GlobalSection(ExtensibilityGlobals) = postSolution
		SolutionGuid = {D547EEB7-6BA6-49AD-9A68-052C191AF1E6}
	EndGlobalSection
EndGlobal
